// !$*UTF8*$!
{
	archiveVersion = 1;
	classes = {
	};
	objectVersion = 52;
	objects = {

/* Begin PBXBuildFile section */
		AD0928912570E75200354673 /* TopMoviePreview.swift in Sources */ = {isa = PBXBuildFile; fileRef = AD0928902570E75200354673 /* TopMoviePreview.swift */; };
		AD648B7B256E9E4B00683EC6 /* buildnetflixcloneApp.swift in Sources */ = {isa = PBXBuildFile; fileRef = AD648B7A256E9E4B00683EC6 /* buildnetflixcloneApp.swift */; };
		AD648B7D256E9E4B00683EC6 /* ContentView.swift in Sources */ = {isa = PBXBuildFile; fileRef = AD648B7C256E9E4B00683EC6 /* ContentView.swift */; };
		AD648B7F256E9E4E00683EC6 /* Assets.xcassets in Resources */ = {isa = PBXBuildFile; fileRef = AD648B7E256E9E4E00683EC6 /* Assets.xcassets */; };
		AD648B82256E9E4E00683EC6 /* Preview Assets.xcassets in Resources */ = {isa = PBXBuildFile; fileRef = AD648B81256E9E4E00683EC6 /* Preview Assets.xcassets */; };
		AD648B8C256EA0AF00683EC6 /* HomeView.swift in Sources */ = {isa = PBXBuildFile; fileRef = AD648B8B256EA0AF00683EC6 /* HomeView.swift */; };
		AD648B91256EA3B100683EC6 /* KingfisherSwiftUI in Frameworks */ = {isa = PBXBuildFile; productRef = AD648B90256EA3B100683EC6 /* KingfisherSwiftUI */; };
		AD648B96256EA42500683EC6 /* Movie.swift in Sources */ = {isa = PBXBuildFile; fileRef = AD648B95256EA42500683EC6 /* Movie.swift */; };
		AD648B9A256EA4DB00683EC6 /* StandardHomeView.swift in Sources */ = {isa = PBXBuildFile; fileRef = AD648B99256EA4DB00683EC6 /* StandardHomeView.swift */; };
		AD648B9E256EA53000683EC6 /* GlobalHelpers.swift in Sources */ = {isa = PBXBuildFile; fileRef = AD648B9D256EA53000683EC6 /* GlobalHelpers.swift */; };
		AD648BA3256EA86100683EC6 /* HomeVM.swift in Sources */ = {isa = PBXBuildFile; fileRef = AD648BA2256EA86100683EC6 /* HomeVM.swift */; };
/* End PBXBuildFile section */

/* Begin PBXFileReference section */
		AD0928902570E75200354673 /* TopMoviePreview.swift */ = {isa = PBXFileReference; lastKnownFileType = sourcecode.swift; path = TopMoviePreview.swift; sourceTree = "<group>"; };
		AD648B77256E9E4A00683EC6 /* buildnetflixclone.app */ = {isa = PBXFileReference; explicitFileType = wrapper.application; includeInIndex = 0; path = buildnetflixclone.app; sourceTree = BUILT_PRODUCTS_DIR; };
		AD648B7A256E9E4B00683EC6 /* buildnetflixcloneApp.swift */ = {isa = PBXFileReference; lastKnownFileType = sourcecode.swift; path = buildnetflixcloneApp.swift; sourceTree = "<group>"; };
		AD648B7C256E9E4B00683EC6 /* ContentView.swift */ = {isa = PBXFileReference; lastKnownFileType = sourcecode.swift; path = ContentView.swift; sourceTree = "<group>"; };
		AD648B7E256E9E4E00683EC6 /* Assets.xcassets */ = {isa = PBXFileReference; lastKnownFileType = folder.assetcatalog; path = Assets.xcassets; sourceTree = "<group>"; };
		AD648B81256E9E4E00683EC6 /* Preview Assets.xcassets */ = {isa = PBXFileReference; lastKnownFileType = folder.assetcatalog; path = "Preview Assets.xcassets"; sourceTree = "<group>"; };
		AD648B83256E9E4E00683EC6 /* Info.plist */ = {isa = PBXFileReference; lastKnownFileType = text.plist.xml; path = Info.plist; sourceTree = "<group>"; };
		AD648B8B256EA0AF00683EC6 /* HomeView.swift */ = {isa = PBXFileReference; lastKnownFileType = sourcecode.swift; path = HomeView.swift; sourceTree = "<group>"; };
		AD648B95256EA42500683EC6 /* Movie.swift */ = {isa = PBXFileReference; lastKnownFileType = sourcecode.swift; path = Movie.swift; sourceTree = "<group>"; };
		AD648B99256EA4DB00683EC6 /* StandardHomeView.swift */ = {isa = PBXFileReference; lastKnownFileType = sourcecode.swift; path = StandardHomeView.swift; sourceTree = "<group>"; };
		AD648B9D256EA53000683EC6 /* GlobalHelpers.swift */ = {isa = PBXFileReference; lastKnownFileType = sourcecode.swift; path = GlobalHelpers.swift; sourceTree = "<group>"; };
		AD648BA2256EA86100683EC6 /* HomeVM.swift */ = {isa = PBXFileReference; lastKnownFileType = sourcecode.swift; path = HomeVM.swift; sourceTree = "<group>"; };
/* End PBXFileReference section */

/* Begin PBXFrameworksBuildPhase section */
		AD648B74256E9E4A00683EC6 /* Frameworks */ = {
			isa = PBXFrameworksBuildPhase;
			buildActionMask = 2147483647;
			files = (
				AD648B91256EA3B100683EC6 /* KingfisherSwiftUI in Frameworks */,
			);
			runOnlyForDeploymentPostprocessing = 0;
		};
/* End PBXFrameworksBuildPhase section */

/* Begin PBXGroup section */
		AD648B6E256E9E4A00683EC6 = {
			isa = PBXGroup;
			children = (
				AD648B79256E9E4B00683EC6 /* buildnetflixclone */,
				AD648B78256E9E4A00683EC6 /* Products */,
			);
			sourceTree = "<group>";
		};
		AD648B78256E9E4A00683EC6 /* Products */ = {
			isa = PBXGroup;
			children = (
				AD648B77256E9E4A00683EC6 /* buildnetflixclone.app */,
			);
			name = Products;
			sourceTree = "<group>";
		};
		AD648B79256E9E4B00683EC6 /* buildnetflixclone */ = {
			isa = PBXGroup;
			children = (
				AD648BA1256EA84B00683EC6 /* ViewModels */,
				AD648B9C256EA51700683EC6 /* Utils */,
				AD648B94256EA40700683EC6 /* Views */,
				AD648B93256EA3FD00683EC6 /* Models */,
				AD648B7A256E9E4B00683EC6 /* buildnetflixcloneApp.swift */,
				AD648B7C256E9E4B00683EC6 /* ContentView.swift */,
				AD648B7E256E9E4E00683EC6 /* Assets.xcassets */,
				AD648B83256E9E4E00683EC6 /* Info.plist */,
				AD648B80256E9E4E00683EC6 /* Preview Content */,
			);
			path = buildnetflixclone;
			sourceTree = "<group>";
		};
		AD648B80256E9E4E00683EC6 /* Preview Content */ = {
			isa = PBXGroup;
			children = (
				AD648B81256E9E4E00683EC6 /* Preview Assets.xcassets */,
			);
			path = "Preview Content";
			sourceTree = "<group>";
		};
		AD648B8A256EA0A100683EC6 /* Home */ = {
			isa = PBXGroup;
			children = (
				AD648B8B256EA0AF00683EC6 /* HomeView.swift */,
				AD648B99256EA4DB00683EC6 /* StandardHomeView.swift */,
				AD0928902570E75200354673 /* TopMoviePreview.swift */,
			);
			path = Home;
			sourceTree = "<group>";
		};
		AD648B93256EA3FD00683EC6 /* Models */ = {
			isa = PBXGroup;
			children = (
				AD648B95256EA42500683EC6 /* Movie.swift */,
			);
			path = Models;
			sourceTree = "<group>";
		};
		AD648B94256EA40700683EC6 /* Views */ = {
			isa = PBXGroup;
			children = (
				AD648B8A256EA0A100683EC6 /* Home */,
			);
			path = Views;
			sourceTree = "<group>";
		};
		AD648B9C256EA51700683EC6 /* Utils */ = {
			isa = PBXGroup;
			children = (
				AD648B9D256EA53000683EC6 /* GlobalHelpers.swift */,
			);
			path = Utils;
			sourceTree = "<group>";
		};
		AD648BA1256EA84B00683EC6 /* ViewModels */ = {
			isa = PBXGroup;
			children = (
				AD648BA2256EA86100683EC6 /* HomeVM.swift */,
			);
			path = ViewModels;
			sourceTree = "<group>";
		};
/* End PBXGroup section */

/* Begin PBXNativeTarget section */
		AD648B76256E9E4A00683EC6 /* buildnetflixclone */ = {
			isa = PBXNativeTarget;
			buildConfigurationList = AD648B86256E9E4E00683EC6 /* Build configuration list for PBXNativeTarget "buildnetflixclone" */;
			buildPhases = (
				AD648B73256E9E4A00683EC6 /* Sources */,
				AD648B74256E9E4A00683EC6 /* Frameworks */,
				AD648B75256E9E4A00683EC6 /* Resources */,
			);
			buildRules = (
			);
			dependencies = (
			);
			name = buildnetflixclone;
			packageProductDependencies = (
				AD648B90256EA3B100683EC6 /* KingfisherSwiftUI */,
			);
			productName = buildnetflixclone;
			productReference = AD648B77256E9E4A00683EC6 /* buildnetflixclone.app */;
			productType = "com.apple.product-type.application";
		};
/* End PBXNativeTarget section */

/* Begin PBXProject section */
		AD648B6F256E9E4A00683EC6 /* Project object */ = {
			isa = PBXProject;
			attributes = {
				LastSwiftUpdateCheck = 1210;
				LastUpgradeCheck = 1210;
				TargetAttributes = {
					AD648B76256E9E4A00683EC6 = {
						CreatedOnToolsVersion = 12.1;
					};
				};
			};
			buildConfigurationList = AD648B72256E9E4A00683EC6 /* Build configuration list for PBXProject "buildnetflixclone" */;
			compatibilityVersion = "Xcode 9.3";
			developmentRegion = en;
			hasScannedForEncodings = 0;
			knownRegions = (
				en,
				Base,
			);
			mainGroup = AD648B6E256E9E4A00683EC6;
			packageReferences = (
				AD648B8F256EA3B100683EC6 /* XCRemoteSwiftPackageReference "Kingfisher" */,
			);
			productRefGroup = AD648B78256E9E4A00683EC6 /* Products */;
			projectDirPath = "";
			projectRoot = "";
			targets = (
				AD648B76256E9E4A00683EC6 /* buildnetflixclone */,
			);
		};
/* End PBXProject section */

/* Begin PBXResourcesBuildPhase section */
		AD648B75256E9E4A00683EC6 /* Resources */ = {
			isa = PBXResourcesBuildPhase;
			buildActionMask = 2147483647;
			files = (
				AD648B82256E9E4E00683EC6 /* Preview Assets.xcassets in Resources */,
				AD648B7F256E9E4E00683EC6 /* Assets.xcassets in Resources */,
			);
			runOnlyForDeploymentPostprocessing = 0;
		};
/* End PBXResourcesBuildPhase section */

/* Begin PBXSourcesBuildPhase section */
		AD648B73256E9E4A00683EC6 /* Sources */ = {
			isa = PBXSourcesBuildPhase;
			buildActionMask = 2147483647;
			files = (
				AD648B9E256EA53000683EC6 /* GlobalHelpers.swift in Sources */,
				AD648B9A256EA4DB00683EC6 /* StandardHomeView.swift in Sources */,
				AD648BA3256EA86100683EC6 /* HomeVM.swift in Sources */,
				AD648B8C256EA0AF00683EC6 /* HomeView.swift in Sources */,
				AD648B7D256E9E4B00683EC6 /* ContentView.swift in Sources */,
				AD0928912570E75200354673 /* TopMoviePreview.swift in Sources */,
				AD648B96256EA42500683EC6 /* Movie.swift in Sources */,
				AD648B7B256E9E4B00683EC6 /* buildnetflixcloneApp.swift in Sources */,
			);
			runOnlyForDeploymentPostprocessing = 0;
		};
/* End PBXSourcesBuildPhase section */

/* Begin XCBuildConfiguration section */
		AD648B84256E9E4E00683EC6 /* Debug */ = {
			isa = XCBuildConfiguration;
			buildSettings = {
				ALWAYS_SEARCH_USER_PATHS = NO;
				CLANG_ANALYZER_NONNULL = YES;
				CLANG_ANALYZER_NUMBER_OBJECT_CONVERSION = YES_AGGRESSIVE;
				CLANG_CXX_LANGUAGE_STANDARD = "gnu++14";
				CLANG_CXX_LIBRARY = "libc++";
				CLANG_ENABLE_MODULES = YES;
				CLANG_ENABLE_OBJC_ARC = YES;
				CLANG_ENABLE_OBJC_WEAK = YES;
				CLANG_WARN_BLOCK_CAPTURE_AUTORELEASING = YES;
				CLANG_WARN_BOOL_CONVERSION = YES;
				CLANG_WARN_COMMA = YES;
				CLANG_WARN_CONSTANT_CONVERSION = YES;
				CLANG_WARN_DEPRECATED_OBJC_IMPLEMENTATIONS = YES;
				CLANG_WARN_DIRECT_OBJC_ISA_USAGE = YES_ERROR;
				CLANG_WARN_DOCUMENTATION_COMMENTS = YES;
				CLANG_WARN_EMPTY_BODY = YES;
				CLANG_WARN_ENUM_CONVERSION = YES;
				CLANG_WARN_INFINITE_RECURSION = YES;
				CLANG_WARN_INT_CONVERSION = YES;
				CLANG_WARN_NON_LITERAL_NULL_CONVERSION = YES;
				CLANG_WARN_OBJC_IMPLICIT_RETAIN_SELF = YES;
				CLANG_WARN_OBJC_LITERAL_CONVERSION = YES;
				CLANG_WARN_OBJC_ROOT_CLASS = YES_ERROR;
				CLANG_WARN_QUOTED_INCLUDE_IN_FRAMEWORK_HEADER = YES;
				CLANG_WARN_RANGE_LOOP_ANALYSIS = YES;
				CLANG_WARN_STRICT_PROTOTYPES = YES;
				CLANG_WARN_SUSPICIOUS_MOVE = YES;
				CLANG_WARN_UNGUARDED_AVAILABILITY = YES_AGGRESSIVE;
				CLANG_WARN_UNREACHABLE_CODE = YES;
				CLANG_WARN__DUPLICATE_METHOD_MATCH = YES;
				COPY_PHASE_STRIP = NO;
				DEBUG_INFORMATION_FORMAT = dwarf;
				ENABLE_STRICT_OBJC_MSGSEND = YES;
				ENABLE_TESTABILITY = YES;
				GCC_C_LANGUAGE_STANDARD = gnu11;
				GCC_DYNAMIC_NO_PIC = NO;
				GCC_NO_COMMON_BLOCKS = YES;
				GCC_OPTIMIZATION_LEVEL = 0;
				GCC_PREPROCESSOR_DEFINITIONS = (
					"DEBUG=1",
					"$(inherited)",
				);
				GCC_WARN_64_TO_32_BIT_CONVERSION = YES;
				GCC_WARN_ABOUT_RETURN_TYPE = YES_ERROR;
				GCC_WARN_UNDECLARED_SELECTOR = YES;
				GCC_WARN_UNINITIALIZED_AUTOS = YES_AGGRESSIVE;
				GCC_WARN_UNUSED_FUNCTION = YES;
				GCC_WARN_UNUSED_VARIABLE = YES;
				IPHONEOS_DEPLOYMENT_TARGET = 14.1;
				MTL_ENABLE_DEBUG_INFO = INCLUDE_SOURCE;
				MTL_FAST_MATH = YES;
				ONLY_ACTIVE_ARCH = YES;
				SDKROOT = iphoneos;
				SWIFT_ACTIVE_COMPILATION_CONDITIONS = DEBUG;
				SWIFT_OPTIMIZATION_LEVEL = "-Onone";
			};
			name = Debug;
		};
		AD648B85256E9E4E00683EC6 /* Release */ = {
			isa = XCBuildConfiguration;
			buildSettings = {
				ALWAYS_SEARCH_USER_PATHS = NO;
				CLANG_ANALYZER_NONNULL = YES;
				CLANG_ANALYZER_NUMBER_OBJECT_CONVERSION = YES_AGGRESSIVE;
				CLANG_CXX_LANGUAGE_STANDARD = "gnu++14";
				CLANG_CXX_LIBRARY = "libc++";
				CLANG_ENABLE_MODULES = YES;
				CLANG_ENABLE_OBJC_ARC = YES;
				CLANG_ENABLE_OBJC_WEAK = YES;
				CLANG_WARN_BLOCK_CAPTURE_AUTORELEASING = YES;
				CLANG_WARN_BOOL_CONVERSION = YES;
				CLANG_WARN_COMMA = YES;
				CLANG_WARN_CONSTANT_CONVERSION = YES;
				CLANG_WARN_DEPRECATED_OBJC_IMPLEMENTATIONS = YES;
				CLANG_WARN_DIRECT_OBJC_ISA_USAGE = YES_ERROR;
				CLANG_WARN_DOCUMENTATION_COMMENTS = YES;
				CLANG_WARN_EMPTY_BODY = YES;
				CLANG_WARN_ENUM_CONVERSION = YES;
				CLANG_WARN_INFINITE_RECURSION = YES;
				CLANG_WARN_INT_CONVERSION = YES;
				CLANG_WARN_NON_LITERAL_NULL_CONVERSION = YES;
				CLANG_WARN_OBJC_IMPLICIT_RETAIN_SELF = YES;
				CLANG_WARN_OBJC_LITERAL_CONVERSION = YES;
				CLANG_WARN_OBJC_ROOT_CLASS = YES_ERROR;
				CLANG_WARN_QUOTED_INCLUDE_IN_FRAMEWORK_HEADER = YES;
				CLANG_WARN_RANGE_LOOP_ANALYSIS = YES;
				CLANG_WARN_STRICT_PROTOTYPES = YES;
				CLANG_WARN_SUSPICIOUS_MOVE = YES;
				CLANG_WARN_UNGUARDED_AVAILABILITY = YES_AGGRESSIVE;
				CLANG_WARN_UNREACHABLE_CODE = YES;
				CLANG_WARN__DUPLICATE_METHOD_MATCH = YES;
				COPY_PHASE_STRIP = NO;
				DEBUG_INFORMATION_FORMAT = "dwarf-with-dsym";
				ENABLE_NS_ASSERTIONS = NO;
				ENABLE_STRICT_OBJC_MSGSEND = YES;
				GCC_C_LANGUAGE_STANDARD = gnu11;
				GCC_NO_COMMON_BLOCKS = YES;
				GCC_WARN_64_TO_32_BIT_CONVERSION = YES;
				GCC_WARN_ABOUT_RETURN_TYPE = YES_ERROR;
				GCC_WARN_UNDECLARED_SELECTOR = YES;
				GCC_WARN_UNINITIALIZED_AUTOS = YES_AGGRESSIVE;
				GCC_WARN_UNUSED_FUNCTION = YES;
				GCC_WARN_UNUSED_VARIABLE = YES;
				IPHONEOS_DEPLOYMENT_TARGET = 14.1;
				MTL_ENABLE_DEBUG_INFO = NO;
				MTL_FAST_MATH = YES;
				SDKROOT = iphoneos;
				SWIFT_COMPILATION_MODE = wholemodule;
				SWIFT_OPTIMIZATION_LEVEL = "-O";
				VALIDATE_PRODUCT = YES;
			};
			name = Release;
		};
		AD648B87256E9E4E00683EC6 /* Debug */ = {
			isa = XCBuildConfiguration;
			buildSettings = {
				ASSETCATALOG_COMPILER_APPICON_NAME = AppIcon;
				ASSETCATALOG_COMPILER_GLOBAL_ACCENT_COLOR_NAME = AccentColor;
				CODE_SIGN_STYLE = Automatic;
				DEVELOPMENT_ASSET_PATHS = "\"buildnetflixclone/Preview Content\"";
				DEVELOPMENT_TEAM = Q6K2M7NSZD;
				ENABLE_PREVIEWS = YES;
				INFOPLIST_FILE = buildnetflixclone/Info.plist;
				IPHONEOS_DEPLOYMENT_TARGET = 14.0;
				LD_RUNPATH_SEARCH_PATHS = (
					"$(inherited)",
					"@executable_path/Frameworks",
				);
				PRODUCT_BUNDLE_IDENTIFIER = com.meoflauta.buildnetflixclone;
				PRODUCT_NAME = "$(TARGET_NAME)";
				SWIFT_VERSION = 5.0;
				TARGETED_DEVICE_FAMILY = "1,2";
			};
			name = Debug;
		};
		AD648B88256E9E4E00683EC6 /* Release */ = {
			isa = XCBuildConfiguration;
			buildSettings = {
				ASSETCATALOG_COMPILER_APPICON_NAME = AppIcon;
				ASSETCATALOG_COMPILER_GLOBAL_ACCENT_COLOR_NAME = AccentColor;
				CODE_SIGN_STYLE = Automatic;
				DEVELOPMENT_ASSET_PATHS = "\"buildnetflixclone/Preview Content\"";
				DEVELOPMENT_TEAM = Q6K2M7NSZD;
				ENABLE_PREVIEWS = YES;
				INFOPLIST_FILE = buildnetflixclone/Info.plist;
				IPHONEOS_DEPLOYMENT_TARGET = 14.0;
				LD_RUNPATH_SEARCH_PATHS = (
					"$(inherited)",
					"@executable_path/Frameworks",
				);
				PRODUCT_BUNDLE_IDENTIFIER = com.meoflauta.buildnetflixclone;
				PRODUCT_NAME = "$(TARGET_NAME)";
				SWIFT_VERSION = 5.0;
				TARGETED_DEVICE_FAMILY = "1,2";
			};
			name = Release;
		};
/* End XCBuildConfiguration section */

/* Begin XCConfigurationList section */
		AD648B72256E9E4A00683EC6 /* Build configuration list for PBXProject "buildnetflixclone" */ = {
			isa = XCConfigurationList;
			buildConfigurations = (
				AD648B84256E9E4E00683EC6 /* Debug */,
				AD648B85256E9E4E00683EC6 /* Release */,
			);
			defaultConfigurationIsVisible = 0;
			defaultConfigurationName = Release;
		};
		AD648B86256E9E4E00683EC6 /* Build configuration list for PBXNativeTarget "buildnetflixclone" */ = {
			isa = XCConfigurationList;
			buildConfigurations = (
				AD648B87256E9E4E00683EC6 /* Debug */,
				AD648B88256E9E4E00683EC6 /* Release */,
			);
			defaultConfigurationIsVisible = 0;
			defaultConfigurationName = Release;
		};
/* End XCConfigurationList section */

/* Begin XCRemoteSwiftPackageReference section */
		AD648B8F256EA3B100683EC6 /* XCRemoteSwiftPackageReference "Kingfisher" */ = {
			isa = XCRemoteSwiftPackageReference;
			repositoryURL = "https://github.com/onevcat/Kingfisher.git";
			requirement = {
				kind = upToNextMajorVersion;
				minimumVersion = 5.15.7;
			};
		};
/* End XCRemoteSwiftPackageReference section */

/* Begin XCSwiftPackageProductDependency section */
		AD648B90256EA3B100683EC6 /* KingfisherSwiftUI */ = {
			isa = XCSwiftPackageProductDependency;
			package = AD648B8F256EA3B100683EC6 /* XCRemoteSwiftPackageReference "Kingfisher" */;
			productName = KingfisherSwiftUI;
		};
/* End XCSwiftPackageProductDependency section */
	};
	rootObject = AD648B6F256E9E4A00683EC6 /* Project object */;
}
